// !$*UTF8*$!
{
	archiveVersion = 1;
	classes = {
	};
	objectVersion = 50;
	objects = {

/* Begin PBXBuildFile section */
		B73051F523FFF55200CD77A7 /* AppDelegate.swift in Sources */ = {isa = PBXBuildFile; fileRef = B73051F423FFF55200CD77A7 /* AppDelegate.swift */; };
		B73051F923FFF55200CD77A7 /* NewsFeedController.swift in Sources */ = {isa = PBXBuildFile; fileRef = B73051F823FFF55200CD77A7 /* NewsFeedController.swift */; };
		B73051FF23FFF55200CD77A7 /* TochkaNewsFeed.xcdatamodeld in Sources */ = {isa = PBXBuildFile; fileRef = B73051FD23FFF55200CD77A7 /* TochkaNewsFeed.xcdatamodeld */; };
		B730520123FFF55400CD77A7 /* Assets.xcassets in Resources */ = {isa = PBXBuildFile; fileRef = B730520023FFF55400CD77A7 /* Assets.xcassets */; };
		B730520423FFF55400CD77A7 /* LaunchScreen.storyboard in Resources */ = {isa = PBXBuildFile; fileRef = B730520223FFF55400CD77A7 /* LaunchScreen.storyboard */; };
		B74324FF2401C90E00F0C21F /* UIImageExtension.swift in Sources */ = {isa = PBXBuildFile; fileRef = B74324FE2401C90E00F0C21F /* UIImageExtension.swift */; };
		B743250124027A9500F0C21F /* BaseViewController.swift in Sources */ = {isa = PBXBuildFile; fileRef = B743250024027A9500F0C21F /* BaseViewController.swift */; };
		B7432507240302B300F0C21F /* Article.swift in Sources */ = {isa = PBXBuildFile; fileRef = B7432505240302B300F0C21F /* Article.swift */; };
		B743250E240400DE00F0C21F /* Populatable.swift in Sources */ = {isa = PBXBuildFile; fileRef = B743250D240400DE00F0C21F /* Populatable.swift */; };
		B743251024056BEB00F0C21F /* WebImageView.swift in Sources */ = {isa = PBXBuildFile; fileRef = B743250F24056BEB00F0C21F /* WebImageView.swift */; };
		B74E780B24000ACC00891ACD /* BaseScreenViewModel.swift in Sources */ = {isa = PBXBuildFile; fileRef = B74E780A24000ACC00891ACD /* BaseScreenViewModel.swift */; };
		B74E781024000C1600891ACD /* NewsFeedViewModel.swift in Sources */ = {isa = PBXBuildFile; fileRef = B74E780F24000C1600891ACD /* NewsFeedViewModel.swift */; };
		B7A7AF672401341600D85AF2 /* BaseCellViewModel.swift in Sources */ = {isa = PBXBuildFile; fileRef = B7A7AF662401341600D85AF2 /* BaseCellViewModel.swift */; };
		B7A7AF692401358B00D85AF2 /* NewsFeedCellViewModel.swift in Sources */ = {isa = PBXBuildFile; fileRef = B7A7AF682401358B00D85AF2 /* NewsFeedCellViewModel.swift */; };
		B7A7AF6B240136DA00D85AF2 /* NewsFeedCell.swift in Sources */ = {isa = PBXBuildFile; fileRef = B7A7AF6A240136DA00D85AF2 /* NewsFeedCell.swift */; };
		B7AD551224002996008135D2 /* CoreDataManager.swift in Sources */ = {isa = PBXBuildFile; fileRef = B7AD551124002996008135D2 /* CoreDataManager.swift */; };
		B7AD551724003E99008135D2 /* NewsFeedNetworkManager.swift in Sources */ = {isa = PBXBuildFile; fileRef = B7AD551624003E99008135D2 /* NewsFeedNetworkManager.swift */; };
		B7AD551B24007140008135D2 /* NewsFeedResponse.swift in Sources */ = {isa = PBXBuildFile; fileRef = B7AD551A24007140008135D2 /* NewsFeedResponse.swift */; };
		B7AD551F24010413008135D2 /* NewsFeedAPI.swift in Sources */ = {isa = PBXBuildFile; fileRef = B7AD551E24010413008135D2 /* NewsFeedAPI.swift */; };
		B7D8969124013F6C00772615 /* Box.swift in Sources */ = {isa = PBXBuildFile; fileRef = B7D8969024013F6C00772615 /* Box.swift */; };
/* End PBXBuildFile section */

/* Begin PBXFileReference section */
		B73051F123FFF55200CD77A7 /* TochkaNewsFeed.app */ = {isa = PBXFileReference; explicitFileType = wrapper.application; includeInIndex = 0; path = TochkaNewsFeed.app; sourceTree = BUILT_PRODUCTS_DIR; };
		B73051F423FFF55200CD77A7 /* AppDelegate.swift */ = {isa = PBXFileReference; lastKnownFileType = sourcecode.swift; path = AppDelegate.swift; sourceTree = "<group>"; };
		B73051F823FFF55200CD77A7 /* NewsFeedController.swift */ = {isa = PBXFileReference; lastKnownFileType = sourcecode.swift; path = NewsFeedController.swift; sourceTree = "<group>"; };
		B73051FE23FFF55200CD77A7 /* TochkaNewsFeed.xcdatamodel */ = {isa = PBXFileReference; lastKnownFileType = wrapper.xcdatamodel; path = TochkaNewsFeed.xcdatamodel; sourceTree = "<group>"; };
		B730520023FFF55400CD77A7 /* Assets.xcassets */ = {isa = PBXFileReference; lastKnownFileType = folder.assetcatalog; path = Assets.xcassets; sourceTree = "<group>"; };
		B730520323FFF55400CD77A7 /* Base */ = {isa = PBXFileReference; lastKnownFileType = file.storyboard; name = Base; path = Base.lproj/LaunchScreen.storyboard; sourceTree = "<group>"; };
		B730520523FFF55400CD77A7 /* Info.plist */ = {isa = PBXFileReference; lastKnownFileType = text.plist.xml; path = Info.plist; sourceTree = "<group>"; };
		B74324FE2401C90E00F0C21F /* UIImageExtension.swift */ = {isa = PBXFileReference; lastKnownFileType = sourcecode.swift; path = UIImageExtension.swift; sourceTree = "<group>"; };
		B743250024027A9500F0C21F /* BaseViewController.swift */ = {isa = PBXFileReference; lastKnownFileType = sourcecode.swift; path = BaseViewController.swift; sourceTree = "<group>"; };
		B7432505240302B300F0C21F /* Article.swift */ = {isa = PBXFileReference; lastKnownFileType = sourcecode.swift; path = Article.swift; sourceTree = "<group>"; };
		B743250D240400DE00F0C21F /* Populatable.swift */ = {isa = PBXFileReference; lastKnownFileType = sourcecode.swift; path = Populatable.swift; sourceTree = "<group>"; };
		B743250F24056BEB00F0C21F /* WebImageView.swift */ = {isa = PBXFileReference; lastKnownFileType = sourcecode.swift; path = WebImageView.swift; sourceTree = "<group>"; };
		B74E780A24000ACC00891ACD /* BaseScreenViewModel.swift */ = {isa = PBXFileReference; lastKnownFileType = sourcecode.swift; path = BaseScreenViewModel.swift; sourceTree = "<group>"; };
		B74E780F24000C1600891ACD /* NewsFeedViewModel.swift */ = {isa = PBXFileReference; lastKnownFileType = sourcecode.swift; path = NewsFeedViewModel.swift; sourceTree = "<group>"; };
		B7A7AF662401341600D85AF2 /* BaseCellViewModel.swift */ = {isa = PBXFileReference; lastKnownFileType = sourcecode.swift; path = BaseCellViewModel.swift; sourceTree = "<group>"; };
		B7A7AF682401358B00D85AF2 /* NewsFeedCellViewModel.swift */ = {isa = PBXFileReference; lastKnownFileType = sourcecode.swift; path = NewsFeedCellViewModel.swift; sourceTree = "<group>"; };
		B7A7AF6A240136DA00D85AF2 /* NewsFeedCell.swift */ = {isa = PBXFileReference; lastKnownFileType = sourcecode.swift; path = NewsFeedCell.swift; sourceTree = "<group>"; };
		B7AD551124002996008135D2 /* CoreDataManager.swift */ = {isa = PBXFileReference; lastKnownFileType = sourcecode.swift; path = CoreDataManager.swift; sourceTree = "<group>"; };
		B7AD551624003E99008135D2 /* NewsFeedNetworkManager.swift */ = {isa = PBXFileReference; lastKnownFileType = sourcecode.swift; path = NewsFeedNetworkManager.swift; sourceTree = "<group>"; };
		B7AD551A24007140008135D2 /* NewsFeedResponse.swift */ = {isa = PBXFileReference; lastKnownFileType = sourcecode.swift; path = NewsFeedResponse.swift; sourceTree = "<group>"; };
		B7AD551E24010413008135D2 /* NewsFeedAPI.swift */ = {isa = PBXFileReference; lastKnownFileType = sourcecode.swift; path = NewsFeedAPI.swift; sourceTree = "<group>"; };
		B7D8969024013F6C00772615 /* Box.swift */ = {isa = PBXFileReference; lastKnownFileType = sourcecode.swift; path = Box.swift; sourceTree = "<group>"; };
/* End PBXFileReference section */

/* Begin PBXFrameworksBuildPhase section */
		B73051EE23FFF55200CD77A7 /* Frameworks */ = {
			isa = PBXFrameworksBuildPhase;
			buildActionMask = 2147483647;
			files = (
			);
			runOnlyForDeploymentPostprocessing = 0;
		};
/* End PBXFrameworksBuildPhase section */

/* Begin PBXGroup section */
		B73051E823FFF55200CD77A7 = {
			isa = PBXGroup;
			children = (
				B73051F323FFF55200CD77A7 /* TochkaNewsFeed */,
				B73051F223FFF55200CD77A7 /* Products */,
			);
			sourceTree = "<group>";
		};
		B73051F223FFF55200CD77A7 /* Products */ = {
			isa = PBXGroup;
			children = (
				B73051F123FFF55200CD77A7 /* TochkaNewsFeed.app */,
			);
			name = Products;
			sourceTree = "<group>";
		};
		B73051F323FFF55200CD77A7 /* TochkaNewsFeed */ = {
			isa = PBXGroup;
			children = (
				B730520B23FFF6E200CD77A7 /* AppDelegate */,
				B74325022402B0E900F0C21F /* BaseComponents */,
				B74E780D24000BBD00891ACD /* Common */,
				B730520E23FFF75B00CD77A7 /* CoreData */,
				B74E780C24000B5400891ACD /* NewsFeedScreen */,
				B7AD55132400328A008135D2 /* Networking */,
				B730520D23FFF74200CD77A7 /* LaunchScreen */,
				B730520C23FFF71900CD77A7 /* SupportingFiles */,
			);
			path = TochkaNewsFeed;
			sourceTree = "<group>";
		};
		B730520B23FFF6E200CD77A7 /* AppDelegate */ = {
			isa = PBXGroup;
			children = (
				B73051F423FFF55200CD77A7 /* AppDelegate.swift */,
			);
			path = AppDelegate;
			sourceTree = "<group>";
		};
		B730520C23FFF71900CD77A7 /* SupportingFiles */ = {
			isa = PBXGroup;
			children = (
				B730520023FFF55400CD77A7 /* Assets.xcassets */,
				B730520523FFF55400CD77A7 /* Info.plist */,
			);
			path = SupportingFiles;
			sourceTree = "<group>";
		};
		B730520D23FFF74200CD77A7 /* LaunchScreen */ = {
			isa = PBXGroup;
			children = (
				B730520223FFF55400CD77A7 /* LaunchScreen.storyboard */,
			);
			path = LaunchScreen;
			sourceTree = "<group>";
		};
		B730520E23FFF75B00CD77A7 /* CoreData */ = {
			isa = PBXGroup;
			children = (
				B7AD551124002996008135D2 /* CoreDataManager.swift */,
				B73051FD23FFF55200CD77A7 /* TochkaNewsFeed.xcdatamodeld */,
			);
			path = CoreData;
			sourceTree = "<group>";
		};
		B74325022402B0E900F0C21F /* BaseComponents */ = {
			isa = PBXGroup;
			children = (
				B74E780A24000ACC00891ACD /* BaseScreenViewModel.swift */,
				B7A7AF662401341600D85AF2 /* BaseCellViewModel.swift */,
				B743250024027A9500F0C21F /* BaseViewController.swift */,
			);
			path = BaseComponents;
			sourceTree = "<group>";
		};
		B74325112405C77800F0C21F /* Cell */ = {
			isa = PBXGroup;
			children = (
				B7A7AF682401358B00D85AF2 /* NewsFeedCellViewModel.swift */,
				B7A7AF6A240136DA00D85AF2 /* NewsFeedCell.swift */,
			);
			path = Cell;
			sourceTree = "<group>";
		};
		B74325122405C78100F0C21F /* Controller */ = {
			isa = PBXGroup;
			children = (
				B74E780F24000C1600891ACD /* NewsFeedViewModel.swift */,
				B73051F823FFF55200CD77A7 /* NewsFeedController.swift */,
			);
			path = Controller;
			sourceTree = "<group>";
		};
		B74E780C24000B5400891ACD /* NewsFeedScreen */ = {
			isa = PBXGroup;
			children = (
				B7A7AF6024012D3C00D85AF2 /* Model */,
				B74325112405C77800F0C21F /* Cell */,
				B74325122405C78100F0C21F /* Controller */,
			);
			path = NewsFeedScreen;
			sourceTree = "<group>";
		};
		B74E780D24000BBD00891ACD /* Common */ = {
			isa = PBXGroup;
			children = (
				B7D8969024013F6C00772615 /* Box.swift */,
				B743250D240400DE00F0C21F /* Populatable.swift */,
				B74324FE2401C90E00F0C21F /* UIImageExtension.swift */,
				B743250F24056BEB00F0C21F /* WebImageView.swift */,
			);
			path = Common;
			sourceTree = "<group>";
		};
		B7A7AF6024012D3C00D85AF2 /* Model */ = {
			isa = PBXGroup;
			children = (
				B7432505240302B300F0C21F /* Article.swift */,
			);
			path = Model;
			sourceTree = "<group>";
		};
		B7AD55132400328A008135D2 /* Networking */ = {
			isa = PBXGroup;
			children = (
				B7AD551E24010413008135D2 /* NewsFeedAPI.swift */,
				B7AD551A24007140008135D2 /* NewsFeedResponse.swift */,
				B7AD551624003E99008135D2 /* NewsFeedNetworkManager.swift */,
			);
			path = Networking;
			sourceTree = "<group>";
		};
/* End PBXGroup section */

/* Begin PBXNativeTarget section */
		B73051F023FFF55200CD77A7 /* TochkaNewsFeed */ = {
			isa = PBXNativeTarget;
			buildConfigurationList = B730520823FFF55400CD77A7 /* Build configuration list for PBXNativeTarget "TochkaNewsFeed" */;
			buildPhases = (
				B73051ED23FFF55200CD77A7 /* Sources */,
				B73051EE23FFF55200CD77A7 /* Frameworks */,
				B73051EF23FFF55200CD77A7 /* Resources */,
			);
			buildRules = (
			);
			dependencies = (
			);
			name = TochkaNewsFeed;
			productName = TochkaNewsFeed;
			productReference = B73051F123FFF55200CD77A7 /* TochkaNewsFeed.app */;
			productType = "com.apple.product-type.application";
		};
/* End PBXNativeTarget section */

/* Begin PBXProject section */
		B73051E923FFF55200CD77A7 /* Project object */ = {
			isa = PBXProject;
			attributes = {
				LastSwiftUpdateCheck = 1130;
				LastUpgradeCheck = 1130;
				ORGANIZATIONNAME = "Denis Soluyanov";
				TargetAttributes = {
					B73051F023FFF55200CD77A7 = {
						CreatedOnToolsVersion = 11.3;
					};
				};
			};
			buildConfigurationList = B73051EC23FFF55200CD77A7 /* Build configuration list for PBXProject "TochkaNewsFeed" */;
			compatibilityVersion = "Xcode 9.3";
			developmentRegion = en;
			hasScannedForEncodings = 0;
			knownRegions = (
				en,
				Base,
			);
			mainGroup = B73051E823FFF55200CD77A7;
			productRefGroup = B73051F223FFF55200CD77A7 /* Products */;
			projectDirPath = "";
			projectRoot = "";
			targets = (
				B73051F023FFF55200CD77A7 /* TochkaNewsFeed */,
			);
		};
/* End PBXProject section */

/* Begin PBXResourcesBuildPhase section */
		B73051EF23FFF55200CD77A7 /* Resources */ = {
			isa = PBXResourcesBuildPhase;
			buildActionMask = 2147483647;
			files = (
				B730520423FFF55400CD77A7 /* LaunchScreen.storyboard in Resources */,
				B730520123FFF55400CD77A7 /* Assets.xcassets in Resources */,
			);
			runOnlyForDeploymentPostprocessing = 0;
		};
/* End PBXResourcesBuildPhase section */

/* Begin PBXSourcesBuildPhase section */
		B73051ED23FFF55200CD77A7 /* Sources */ = {
			isa = PBXSourcesBuildPhase;
			buildActionMask = 2147483647;
			files = (
				B7AD551224002996008135D2 /* CoreDataManager.swift in Sources */,
				B73051F923FFF55200CD77A7 /* NewsFeedController.swift in Sources */,
				B74E781024000C1600891ACD /* NewsFeedViewModel.swift in Sources */,
				B73051F523FFF55200CD77A7 /* AppDelegate.swift in Sources */,
				B7A7AF6B240136DA00D85AF2 /* NewsFeedCell.swift in Sources */,
				B7A7AF692401358B00D85AF2 /* NewsFeedCellViewModel.swift in Sources */,
				B743250E240400DE00F0C21F /* Populatable.swift in Sources */,
				B743251024056BEB00F0C21F /* WebImageView.swift in Sources */,
				B7AD551B24007140008135D2 /* NewsFeedResponse.swift in Sources */,
				B743250124027A9500F0C21F /* BaseViewController.swift in Sources */,
				B7A7AF672401341600D85AF2 /* BaseCellViewModel.swift in Sources */,
				B7AD551F24010413008135D2 /* NewsFeedAPI.swift in Sources */,
				B7AD551724003E99008135D2 /* NewsFeedNetworkManager.swift in Sources */,
				B7D8969124013F6C00772615 /* Box.swift in Sources */,
				B73051FF23FFF55200CD77A7 /* TochkaNewsFeed.xcdatamodeld in Sources */,
				B74E780B24000ACC00891ACD /* BaseScreenViewModel.swift in Sources */,
				B7432507240302B300F0C21F /* Article.swift in Sources */,
				B74324FF2401C90E00F0C21F /* UIImageExtension.swift in Sources */,
			);
			runOnlyForDeploymentPostprocessing = 0;
		};
/* End PBXSourcesBuildPhase section */

/* Begin PBXVariantGroup section */
		B730520223FFF55400CD77A7 /* LaunchScreen.storyboard */ = {
			isa = PBXVariantGroup;
			children = (
				B730520323FFF55400CD77A7 /* Base */,
			);
			name = LaunchScreen.storyboard;
			sourceTree = "<group>";
		};
/* End PBXVariantGroup section */

/* Begin XCBuildConfiguration section */
		B730520623FFF55400CD77A7 /* Debug */ = {
			isa = XCBuildConfiguration;
			buildSettings = {
				ALWAYS_SEARCH_USER_PATHS = NO;
				CLANG_ANALYZER_NONNULL = YES;
				CLANG_ANALYZER_NUMBER_OBJECT_CONVERSION = YES_AGGRESSIVE;
				CLANG_CXX_LANGUAGE_STANDARD = "gnu++14";
				CLANG_CXX_LIBRARY = "libc++";
				CLANG_ENABLE_MODULES = YES;
				CLANG_ENABLE_OBJC_ARC = YES;
				CLANG_ENABLE_OBJC_WEAK = YES;
				CLANG_WARN_BLOCK_CAPTURE_AUTORELEASING = YES;
				CLANG_WARN_BOOL_CONVERSION = YES;
				CLANG_WARN_COMMA = YES;
				CLANG_WARN_CONSTANT_CONVERSION = YES;
				CLANG_WARN_DEPRECATED_OBJC_IMPLEMENTATIONS = YES;
				CLANG_WARN_DIRECT_OBJC_ISA_USAGE = YES_ERROR;
				CLANG_WARN_DOCUMENTATION_COMMENTS = YES;
				CLANG_WARN_EMPTY_BODY = YES;
				CLANG_WARN_ENUM_CONVERSION = YES;
				CLANG_WARN_INFINITE_RECURSION = YES;
				CLANG_WARN_INT_CONVERSION = YES;
				CLANG_WARN_NON_LITERAL_NULL_CONVERSION = YES;
				CLANG_WARN_OBJC_IMPLICIT_RETAIN_SELF = YES;
				CLANG_WARN_OBJC_LITERAL_CONVERSION = YES;
				CLANG_WARN_OBJC_ROOT_CLASS = YES_ERROR;
				CLANG_WARN_RANGE_LOOP_ANALYSIS = YES;
				CLANG_WARN_STRICT_PROTOTYPES = YES;
				CLANG_WARN_SUSPICIOUS_MOVE = YES;
				CLANG_WARN_UNGUARDED_AVAILABILITY = YES_AGGRESSIVE;
				CLANG_WARN_UNREACHABLE_CODE = YES;
				CLANG_WARN__DUPLICATE_METHOD_MATCH = YES;
				COPY_PHASE_STRIP = NO;
				DEBUG_INFORMATION_FORMAT = dwarf;
				ENABLE_STRICT_OBJC_MSGSEND = YES;
				ENABLE_TESTABILITY = YES;
				GCC_C_LANGUAGE_STANDARD = gnu11;
				GCC_DYNAMIC_NO_PIC = NO;
				GCC_NO_COMMON_BLOCKS = YES;
				GCC_OPTIMIZATION_LEVEL = 0;
				GCC_PREPROCESSOR_DEFINITIONS = (
					"DEBUG=1",
					"$(inherited)",
				);
				GCC_WARN_64_TO_32_BIT_CONVERSION = YES;
				GCC_WARN_ABOUT_RETURN_TYPE = YES_ERROR;
				GCC_WARN_UNDECLARED_SELECTOR = YES;
				GCC_WARN_UNINITIALIZED_AUTOS = YES_AGGRESSIVE;
				GCC_WARN_UNUSED_FUNCTION = YES;
				GCC_WARN_UNUSED_VARIABLE = YES;
				IPHONEOS_DEPLOYMENT_TARGET = 13.2;
				MTL_ENABLE_DEBUG_INFO = INCLUDE_SOURCE;
				MTL_FAST_MATH = YES;
				ONLY_ACTIVE_ARCH = YES;
				SDKROOT = iphoneos;
				SWIFT_ACTIVE_COMPILATION_CONDITIONS = DEBUG;
				SWIFT_OPTIMIZATION_LEVEL = "-Onone";
			};
			name = Debug;
		};
		B730520723FFF55400CD77A7 /* Release */ = {
			isa = XCBuildConfiguration;
			buildSettings = {
				ALWAYS_SEARCH_USER_PATHS = NO;
				CLANG_ANALYZER_NONNULL = YES;
				CLANG_ANALYZER_NUMBER_OBJECT_CONVERSION = YES_AGGRESSIVE;
				CLANG_CXX_LANGUAGE_STANDARD = "gnu++14";
				CLANG_CXX_LIBRARY = "libc++";
				CLANG_ENABLE_MODULES = YES;
				CLANG_ENABLE_OBJC_ARC = YES;
				CLANG_ENABLE_OBJC_WEAK = YES;
				CLANG_WARN_BLOCK_CAPTURE_AUTORELEASING = YES;
				CLANG_WARN_BOOL_CONVERSION = YES;
				CLANG_WARN_COMMA = YES;
				CLANG_WARN_CONSTANT_CONVERSION = YES;
				CLANG_WARN_DEPRECATED_OBJC_IMPLEMENTATIONS = YES;
				CLANG_WARN_DIRECT_OBJC_ISA_USAGE = YES_ERROR;
				CLANG_WARN_DOCUMENTATION_COMMENTS = YES;
				CLANG_WARN_EMPTY_BODY = YES;
				CLANG_WARN_ENUM_CONVERSION = YES;
				CLANG_WARN_INFINITE_RECURSION = YES;
				CLANG_WARN_INT_CONVERSION = YES;
				CLANG_WARN_NON_LITERAL_NULL_CONVERSION = YES;
				CLANG_WARN_OBJC_IMPLICIT_RETAIN_SELF = YES;
				CLANG_WARN_OBJC_LITERAL_CONVERSION = YES;
				CLANG_WARN_OBJC_ROOT_CLASS = YES_ERROR;
				CLANG_WARN_RANGE_LOOP_ANALYSIS = YES;
				CLANG_WARN_STRICT_PROTOTYPES = YES;
				CLANG_WARN_SUSPICIOUS_MOVE = YES;
				CLANG_WARN_UNGUARDED_AVAILABILITY = YES_AGGRESSIVE;
				CLANG_WARN_UNREACHABLE_CODE = YES;
				CLANG_WARN__DUPLICATE_METHOD_MATCH = YES;
				COPY_PHASE_STRIP = NO;
				DEBUG_INFORMATION_FORMAT = "dwarf-with-dsym";
				ENABLE_NS_ASSERTIONS = NO;
				ENABLE_STRICT_OBJC_MSGSEND = YES;
				GCC_C_LANGUAGE_STANDARD = gnu11;
				GCC_NO_COMMON_BLOCKS = YES;
				GCC_WARN_64_TO_32_BIT_CONVERSION = YES;
				GCC_WARN_ABOUT_RETURN_TYPE = YES_ERROR;
				GCC_WARN_UNDECLARED_SELECTOR = YES;
				GCC_WARN_UNINITIALIZED_AUTOS = YES_AGGRESSIVE;
				GCC_WARN_UNUSED_FUNCTION = YES;
				GCC_WARN_UNUSED_VARIABLE = YES;
				IPHONEOS_DEPLOYMENT_TARGET = 13.2;
				MTL_ENABLE_DEBUG_INFO = NO;
				MTL_FAST_MATH = YES;
				SDKROOT = iphoneos;
				SWIFT_COMPILATION_MODE = wholemodule;
				SWIFT_OPTIMIZATION_LEVEL = "-O";
				VALIDATE_PRODUCT = YES;
			};
			name = Release;
		};
		B730520923FFF55400CD77A7 /* Debug */ = {
			isa = XCBuildConfiguration;
			buildSettings = {
				ASSETCATALOG_COMPILER_APPICON_NAME = AppIcon;
				CODE_SIGN_STYLE = Automatic;
				DEVELOPMENT_TEAM = 74W3SJL399;
				INFOPLIST_FILE = "$(SRCROOT)/TochkaNewsFeed/SupportingFiles/Info.plist";
				IPHONEOS_DEPLOYMENT_TARGET = 12.4;
				LD_RUNPATH_SEARCH_PATHS = (
					"$(inherited)",
					"@executable_path/Frameworks",
				);
				PRODUCT_BUNDLE_IDENTIFIER = "Denis-Soluyanov.TochkaNewsFeed";
				PRODUCT_NAME = "$(TARGET_NAME)";
				SWIFT_VERSION = 5.0;
				TARGETED_DEVICE_FAMILY = 1;
			};
			name = Debug;
		};
		B730520A23FFF55400CD77A7 /* Release */ = {
			isa = XCBuildConfiguration;
			buildSettings = {
				ASSETCATALOG_COMPILER_APPICON_NAME = AppIcon;
				CODE_SIGN_STYLE = Automatic;
				DEVELOPMENT_TEAM = 74W3SJL399;
				INFOPLIST_FILE = "$(SRCROOT)/TochkaNewsFeed/SupportingFiles/Info.plist";
				IPHONEOS_DEPLOYMENT_TARGET = 12.4;
				LD_RUNPATH_SEARCH_PATHS = (
					"$(inherited)",
					"@executable_path/Frameworks",
				);
				PRODUCT_BUNDLE_IDENTIFIER = "Denis-Soluyanov.TochkaNewsFeed";
				PRODUCT_NAME = "$(TARGET_NAME)";
				SWIFT_VERSION = 5.0;
				TARGETED_DEVICE_FAMILY = 1;
			};
			name = Release;
		};
/* End XCBuildConfiguration section */

/* Begin XCConfigurationList section */
		B73051EC23FFF55200CD77A7 /* Build configuration list for PBXProject "TochkaNewsFeed" */ = {
			isa = XCConfigurationList;
			buildConfigurations = (
				B730520623FFF55400CD77A7 /* Debug */,
				B730520723FFF55400CD77A7 /* Release */,
			);
			defaultConfigurationIsVisible = 0;
			defaultConfigurationName = Release;
		};
		B730520823FFF55400CD77A7 /* Build configuration list for PBXNativeTarget "TochkaNewsFeed" */ = {
			isa = XCConfigurationList;
			buildConfigurations = (
				B730520923FFF55400CD77A7 /* Debug */,
				B730520A23FFF55400CD77A7 /* Release */,
			);
			defaultConfigurationIsVisible = 0;
			defaultConfigurationName = Release;
		};
/* End XCConfigurationList section */

/* Begin XCVersionGroup section */
		B73051FD23FFF55200CD77A7 /* TochkaNewsFeed.xcdatamodeld */ = {
			isa = XCVersionGroup;
			children = (
				B73051FE23FFF55200CD77A7 /* TochkaNewsFeed.xcdatamodel */,
			);
			currentVersion = B73051FE23FFF55200CD77A7 /* TochkaNewsFeed.xcdatamodel */;
			path = TochkaNewsFeed.xcdatamodeld;
			sourceTree = "<group>";
			versionGroupType = wrapper.xcdatamodel;
		};
/* End XCVersionGroup section */
	};
	rootObject = B73051E923FFF55200CD77A7 /* Project object */;
}
